
Microsoft Visual Studio Solution File, Format Version 12.00
# Visual Studio Version 17
VisualStudioVersion = 17.5.002.0
MinimumVisualStudioVersion = 10.0.40219.1
Project("{9A19103F-16F7-4668-BE54-9A1E7A4F7556}") = "LinQ", "LinQ.csproj", "{A41D6B44-B64C-489E-8FD6-D426F407BAB9}"
EndProject
Global
	GlobalSection(SolutionConfigurationPlatforms) = preSolution
		Debug|Any CPU = Debug|Any CPU
		Release|Any CPU = Release|Any CPU
	EndGlobalSection
	GlobalSection(ProjectConfigurationPlatforms) = postSolution
		{A41D6B44-B64C-489E-8FD6-D426F407BAB9}.Debug|Any CPU.ActiveCfg = Debug|Any CPU
		{A41D6B44-B64C-489E-8FD6-D426F407BAB9}.Debug|Any CPU.Build.0 = Debug|Any CPU
		{A41D6B44-B64C-489E-8FD6-D426F407BAB9}.Release|Any CPU.ActiveCfg = Release|Any CPU
		{A41D6B44-B64C-489E-8FD6-D426F407BAB9}.Release|Any CPU.Build.0 = Release|Any CPU
	EndGlobalSection
	GlobalSection(SolutionProperties) = preSolution
		HideSolutionNode = FALSE
	EndGlobalSection
	GlobalSection(ExtensibilityGlobals) = postSolution
		SolutionGuid = {C9C61553-5BBD-4993-87B5-878C43FB61AA}
	EndGlobalSection
EndGlobal
